
Microsoft Visual Studio Solution File, Format Version 12.00
# Visual Studio Version 17
VisualStudioVersion = 17.4.33122.133
MinimumVisualStudioVersion = 10.0.40219.1
Project("{FAE04EC0-301F-11D3-BF4B-00C04F79EFBC}") = "Project7", "Project7\Project7.csproj", "{2C435396-4C77-4C6E-BDFE-5E5F5BD8B3B7}"
EndProject
Global
	GlobalSection(SolutionConfigurationPlatforms) = preSolution
		Debug|Any CPU = Debug|Any CPU
		Release|Any CPU = Release|Any CPU
	EndGlobalSection
	GlobalSection(ProjectConfigurationPlatforms) = postSolution
		{2C435396-4C77-4C6E-BDFE-5E5F5BD8B3B7}.Debug|Any CPU.ActiveCfg = Debug|Any CPU
		{2C435396-4C77-4C6E-BDFE-5E5F5BD8B3B7}.Debug|Any CPU.Build.0 = Debug|Any CPU
		{2C435396-4C77-4C6E-BDFE-5E5F5BD8B3B7}.Release|Any CPU.ActiveCfg = Release|Any CPU
		{2C435396-4C77-4C6E-BDFE-5E5F5BD8B3B7}.Release|Any CPU.Build.0 = Release|Any CPU
	EndGlobalSection
	GlobalSection(SolutionProperties) = preSolution
		HideSolutionNode = FALSE
	EndGlobalSection
	GlobalSection(ExtensibilityGlobals) = postSolution
		SolutionGuid = {7BEF829F-A4B5-48CE-8522-3044BCA25127}
	EndGlobalSection
EndGlobal
